
Microsoft Visual Studio Solution File, Format Version 12.00
# Visual Studio Version 17
VisualStudioVersion = 17.1.32421.90
MinimumVisualStudioVersion = 10.0.40219.1
Project("{FAE04EC0-301F-11D3-BF4B-00C04F79EFBC}") = "IncomeChecker", "IncomeChecker\IncomeChecker.csproj", "{B1635FF5-0962-4E42-B880-1794D9660A6B}"
EndProject
Global
	GlobalSection(SolutionConfigurationPlatforms) = preSolution
		Debug|Any CPU = Debug|Any CPU
		Release|Any CPU = Release|Any CPU
	EndGlobalSection
	GlobalSection(ProjectConfigurationPlatforms) = postSolution
		{B1635FF5-0962-4E42-B880-1794D9660A6B}.Debug|Any CPU.ActiveCfg = Debug|Any CPU
		{B1635FF5-0962-4E42-B880-1794D9660A6B}.Debug|Any CPU.Build.0 = Debug|Any CPU
		{B1635FF5-0962-4E42-B880-1794D9660A6B}.Release|Any CPU.ActiveCfg = Release|Any CPU
		{B1635FF5-0962-4E42-B880-1794D9660A6B}.Release|Any CPU.Build.0 = Release|Any CPU
	EndGlobalSection
	GlobalSection(SolutionProperties) = preSolution
		HideSolutionNode = FALSE
	EndGlobalSection
	GlobalSection(ExtensibilityGlobals) = postSolution
		SolutionGuid = {C958A5FC-8B5B-4B05-9D09-61417CC5119E}
	EndGlobalSection
EndGlobal
